
Microsoft Visual Studio Solution File, Format Version 12.00
# Visual Studio 15
VisualStudioVersion = 15.0.26124.0
MinimumVisualStudioVersion = 15.0.26124.0
Project("{FAE04EC0-301F-11D3-BF4B-00C04F79EFBC}") = "Calculator", "Calculator\Calculator.csproj", "{60802012-7998-4F11-8271-7660944C30A0}"
EndProject
Project("{FAE04EC0-301F-11D3-BF4B-00C04F79EFBC}") = "Calculator.Tests", "Calculator.Tests\Calculator.Tests.csproj", "{D86E7664-634D-425D-BCA7-B6BFF0FD365D}"
EndProject
Global
	GlobalSection(SolutionConfigurationPlatforms) = preSolution
		Debug|Any CPU = Debug|Any CPU
		Debug|x64 = Debug|x64
		Debug|x86 = Debug|x86
		Release|Any CPU = Release|Any CPU
		Release|x64 = Release|x64
		Release|x86 = Release|x86
	EndGlobalSection
	GlobalSection(SolutionProperties) = preSolution
		HideSolutionNode = FALSE
	EndGlobalSection
	GlobalSection(ProjectConfigurationPlatforms) = postSolution
		{60802012-7998-4F11-8271-7660944C30A0}.Debug|Any CPU.ActiveCfg = Debug|Any CPU
		{60802012-7998-4F11-8271-7660944C30A0}.Debug|Any CPU.Build.0 = Debug|Any CPU
		{60802012-7998-4F11-8271-7660944C30A0}.Debug|x64.ActiveCfg = Debug|Any CPU
		{60802012-7998-4F11-8271-7660944C30A0}.Debug|x64.Build.0 = Debug|Any CPU
		{60802012-7998-4F11-8271-7660944C30A0}.Debug|x86.ActiveCfg = Debug|Any CPU
		{60802012-7998-4F11-8271-7660944C30A0}.Debug|x86.Build.0 = Debug|Any CPU
		{60802012-7998-4F11-8271-7660944C30A0}.Release|Any CPU.ActiveCfg = Release|Any CPU
		{60802012-7998-4F11-8271-7660944C30A0}.Release|Any CPU.Build.0 = Release|Any CPU
		{60802012-7998-4F11-8271-7660944C30A0}.Release|x64.ActiveCfg = Release|Any CPU
		{60802012-7998-4F11-8271-7660944C30A0}.Release|x64.Build.0 = Release|Any CPU
		{60802012-7998-4F11-8271-7660944C30A0}.Release|x86.ActiveCfg = Release|Any CPU
		{60802012-7998-4F11-8271-7660944C30A0}.Release|x86.Build.0 = Release|Any CPU
		{D86E7664-634D-425D-BCA7-B6BFF0FD365D}.Debug|Any CPU.ActiveCfg = Debug|Any CPU
		{D86E7664-634D-425D-BCA7-B6BFF0FD365D}.Debug|Any CPU.Build.0 = Debug|Any CPU
		{D86E7664-634D-425D-BCA7-B6BFF0FD365D}.Debug|x64.ActiveCfg = Debug|Any CPU
		{D86E7664-634D-425D-BCA7-B6BFF0FD365D}.Debug|x64.Build.0 = Debug|Any CPU
		{D86E7664-634D-425D-BCA7-B6BFF0FD365D}.Debug|x86.ActiveCfg = Debug|Any CPU
		{D86E7664-634D-425D-BCA7-B6BFF0FD365D}.Debug|x86.Build.0 = Debug|Any CPU
		{D86E7664-634D-425D-BCA7-B6BFF0FD365D}.Release|Any CPU.ActiveCfg = Release|Any CPU
		{D86E7664-634D-425D-BCA7-B6BFF0FD365D}.Release|Any CPU.Build.0 = Release|Any CPU
		{D86E7664-634D-425D-BCA7-B6BFF0FD365D}.Release|x64.ActiveCfg = Release|Any CPU
		{D86E7664-634D-425D-BCA7-B6BFF0FD365D}.Release|x64.Build.0 = Release|Any CPU
		{D86E7664-634D-425D-BCA7-B6BFF0FD365D}.Release|x86.ActiveCfg = Release|Any CPU
		{D86E7664-634D-425D-BCA7-B6BFF0FD365D}.Release|x86.Build.0 = Release|Any CPU
	EndGlobalSection
EndGlobal
